github.com/dave/astrid v0.0.0-20170323122508-8c2895878b14 h1:YI1gOOdmMk3xodBao7fehcvoZsEeOyy/cfhlpCSPgM4=
github.com/dave/astrid v0.0.0-20170323122508-8c2895878b14/go.mod h1:Sth2QfxfATb/nW4EsrSi2KyJmbcniZ8TgTaji17D6ms=
github.com/dave/brenda v1.1.0 h1:Sl1LlwXnbw7xMhq3y2x11McFu43AjDcwkllxxgZ3EZw=
github.com/dave/brenda v1.1.0/go.mod h1:4wCUr6gSlu5/1Tk7akE5X7UorwiQ8Rij0SKH3/BGMOM=
github.com/dave/courtney v0.3.0 h1:8aR1os2ImdIQf3Zj4oro+lD/L4Srb5VwGefqZ/jzz7U=
github.com/dave/courtney v0.3.0/go.mod h1:BAv3hA06AYfNUjfjQr+5gc6vxeBVOupLqrColj+QSD8=
github.com/dave/patsy v0.0.0-20210517141501-957256f50cba h1:1o36L4EKbZzazMk8iGC4kXpVnZ6TPxR2mZ9qVKjNNAs=
github.com/dave/patsy v0.0.0-20210517141501-957256f50cba/go.mod h1:qfR88CgEGLoiqDaE+xxDCi5QA5v4vUoW0UCX2Nd5Tlc=
github.com/pkg/errors v0.9.1 h1:FEBLx1zS214owpjy7qsBeixbURkuhQAwrK5UwLGTwt4=
github.com/pkg/errors v0.9.1/go.mod h1:bwawxfHBFNV+L2hUp1rHADufV3IMtnDRdf1r5NINEl0=
golang.org/x/sys v0.0.0-20220209214540-3681064d5158 h1:rm+CHSpPEEW2IsXUib1ThaHIjuBVZjxNgSKmBLFfD4c=
golang.org/x/sys v0.0.0-20220209214540-3681064d5158/go.mod h1:oPkhp1MJrh7nUepCBck5+mAzfO9JrbApNNgaTdGDITg=
golang.org/x/tools v0.1.9 h1:j9KsMiaP1c3B0OTQGth0/k+miLGTgLsAFUCrF2vLcF8=
golang.org/x/tools v0.1.9/go.mod h1:nABZi5QlRsZVlzPpHl034qft6wpY4eDcsTt5AaioBiU=
